
Microsoft Visual Studio Solution File, Format Version 12.00
# Visual Studio Version 17
VisualStudioVersion = 17.7.33920.267
MinimumVisualStudioVersion = 10.0.40219.1
Project("{2150E333-8FDC-42A3-9474-1A3956D46DE8}") = "src", "src", "{6E483D82-FC65-4A3E-8B79-F1F5C9CB4181}"
EndProject
Project("{9A19103F-16F7-4668-BE54-9A1E7A4F7556}") = "ExceptionVisualizer", "..\..\Users\thoma\source\repos\MyVisualizer2\ExceptionVisualizer\ExceptionVisualizer.csproj", "{AAEBF21A-24BA-4B94-B179-A066CE581C4E}"
EndProject
Project("{9A19103F-16F7-4668-BE54-9A1E7A4F7556}") = "ExceptionVisualizerSource", "..\..\Users\thoma\source\repos\MyVisualizer2\ExceptionVisualizerSource\ExceptionVisualizerSource.csproj", "{BF995976-20B6-48DF-9FF4-F57BFF5F0B29}"
EndProject
Project("{2150E333-8FDC-42A3-9474-1A3956D46DE8}") = "Solution Items", "Solution Items", "{0D984CED-0669-48B0-837D-C509C9AF3AA3}"
	ProjectSection(SolutionItems) = preProject
		.github\workflows\dotnet.yml = .github\workflows\dotnet.yml
		README.md = README.md
	EndProjectSection
EndProject
Project("{9A19103F-16F7-4668-BE54-9A1E7A4F7556}") = "ExceptionVisualizerVsix", "src\ExceptionVisualizerVsix\ExceptionVisualizerVsix.csproj", "{C170D884-3DCD-4DC2-9B0E-FF2C02B93843}"
EndProject
Global
	GlobalSection(SolutionConfigurationPlatforms) = preSolution
		Debug|Any CPU = Debug|Any CPU
		Debug|arm64 = Debug|arm64
		Debug|x86 = Debug|x86
		Release|Any CPU = Release|Any CPU
		Release|arm64 = Release|arm64
		Release|x86 = Release|x86
	EndGlobalSection
	GlobalSection(ProjectConfigurationPlatforms) = postSolution
		{AAEBF21A-24BA-4B94-B179-A066CE581C4E}.Debug|Any CPU.ActiveCfg = Debug|Any CPU
		{AAEBF21A-24BA-4B94-B179-A066CE581C4E}.Debug|Any CPU.Build.0 = Debug|Any CPU
		{AAEBF21A-24BA-4B94-B179-A066CE581C4E}.Debug|arm64.ActiveCfg = Debug|Any CPU
		{AAEBF21A-24BA-4B94-B179-A066CE581C4E}.Debug|arm64.Build.0 = Debug|Any CPU
		{AAEBF21A-24BA-4B94-B179-A066CE581C4E}.Debug|x86.ActiveCfg = Debug|Any CPU
		{AAEBF21A-24BA-4B94-B179-A066CE581C4E}.Debug|x86.Build.0 = Debug|Any CPU
		{AAEBF21A-24BA-4B94-B179-A066CE581C4E}.Release|Any CPU.ActiveCfg = Release|Any CPU
		{AAEBF21A-24BA-4B94-B179-A066CE581C4E}.Release|Any CPU.Build.0 = Release|Any CPU
		{AAEBF21A-24BA-4B94-B179-A066CE581C4E}.Release|arm64.ActiveCfg = Release|Any CPU
		{AAEBF21A-24BA-4B94-B179-A066CE581C4E}.Release|arm64.Build.0 = Release|Any CPU
		{AAEBF21A-24BA-4B94-B179-A066CE581C4E}.Release|x86.ActiveCfg = Release|Any CPU
		{AAEBF21A-24BA-4B94-B179-A066CE581C4E}.Release|x86.Build.0 = Release|Any CPU
		{BF995976-20B6-48DF-9FF4-F57BFF5F0B29}.Debug|Any CPU.ActiveCfg = Debug|Any CPU
		{BF995976-20B6-48DF-9FF4-F57BFF5F0B29}.Debug|Any CPU.Build.0 = Debug|Any CPU
		{BF995976-20B6-48DF-9FF4-F57BFF5F0B29}.Debug|arm64.ActiveCfg = Debug|Any CPU
		{BF995976-20B6-48DF-9FF4-F57BFF5F0B29}.Debug|arm64.Build.0 = Debug|Any CPU
		{BF995976-20B6-48DF-9FF4-F57BFF5F0B29}.Debug|x86.ActiveCfg = Debug|Any CPU
		{BF995976-20B6-48DF-9FF4-F57BFF5F0B29}.Debug|x86.Build.0 = Debug|Any CPU
		{BF995976-20B6-48DF-9FF4-F57BFF5F0B29}.Release|Any CPU.ActiveCfg = Release|Any CPU
		{BF995976-20B6-48DF-9FF4-F57BFF5F0B29}.Release|Any CPU.Build.0 = Release|Any CPU
		{BF995976-20B6-48DF-9FF4-F57BFF5F0B29}.Release|arm64.ActiveCfg = Release|Any CPU
		{BF995976-20B6-48DF-9FF4-F57BFF5F0B29}.Release|arm64.Build.0 = Release|Any CPU
		{BF995976-20B6-48DF-9FF4-F57BFF5F0B29}.Release|x86.ActiveCfg = Release|Any CPU
		{BF995976-20B6-48DF-9FF4-F57BFF5F0B29}.Release|x86.Build.0 = Release|Any CPU
		{C170D884-3DCD-4DC2-9B0E-FF2C02B93843}.Debug|Any CPU.ActiveCfg = Debug|Any CPU
		{C170D884-3DCD-4DC2-9B0E-FF2C02B93843}.Debug|Any CPU.Build.0 = Debug|Any CPU
		{C170D884-3DCD-4DC2-9B0E-FF2C02B93843}.Debug|arm64.ActiveCfg = Debug|arm64
		{C170D884-3DCD-4DC2-9B0E-FF2C02B93843}.Debug|arm64.Build.0 = Debug|arm64
		{C170D884-3DCD-4DC2-9B0E-FF2C02B93843}.Debug|x86.ActiveCfg = Debug|x86
		{C170D884-3DCD-4DC2-9B0E-FF2C02B93843}.Debug|x86.Build.0 = Debug|x86
		{C170D884-3DCD-4DC2-9B0E-FF2C02B93843}.Release|Any CPU.ActiveCfg = Release|Any CPU
		{C170D884-3DCD-4DC2-9B0E-FF2C02B93843}.Release|Any CPU.Build.0 = Release|Any CPU
		{C170D884-3DCD-4DC2-9B0E-FF2C02B93843}.Release|arm64.ActiveCfg = Release|arm64
		{C170D884-3DCD-4DC2-9B0E-FF2C02B93843}.Release|arm64.Build.0 = Release|arm64
		{C170D884-3DCD-4DC2-9B0E-FF2C02B93843}.Release|x86.ActiveCfg = Release|x86
		{C170D884-3DCD-4DC2-9B0E-FF2C02B93843}.Release|x86.Build.0 = Release|x86
	EndGlobalSection
	GlobalSection(SolutionProperties) = preSolution
		HideSolutionNode = FALSE
	EndGlobalSection
	GlobalSection(NestedProjects) = preSolution
		{AAEBF21A-24BA-4B94-B179-A066CE581C4E} = {6E483D82-FC65-4A3E-8B79-F1F5C9CB4181}
		{BF995976-20B6-48DF-9FF4-F57BFF5F0B29} = {6E483D82-FC65-4A3E-8B79-F1F5C9CB4181}
		{C170D884-3DCD-4DC2-9B0E-FF2C02B93843} = {6E483D82-FC65-4A3E-8B79-F1F5C9CB4181}
	EndGlobalSection
	GlobalSection(ExtensibilityGlobals) = postSolution
		SolutionGuid = {82935112-27EB-4425-87CA-D827A7D15BA6}
	EndGlobalSection
EndGlobal
